PODS:
  - FMDB (2.7.5):
    - FMDB/standard (= 2.7.5)
  - FMDB/standard (2.7.5)

DEPENDENCIES:
  - FMDB (= 2.7.5)

SPEC REPOS:
  https://github.com/CocoaPods/Specs.git:
    - FMDB

SPEC CHECKSUMS:
  FMDB: 2ce00b547f966261cd18927a3ddb07cb6f3db82a

PODFILE CHECKSUM: c20e47a2fb6c471667e104af0586ef4e6e7c5a5b

COCOAPODS: 1.10.1
